// !$*UTF8*$!
{
	archiveVersion = 1;
	classes = {
	};
	objectVersion = 46;
	objects = {

/* Begin PBXBuildFile section */
		2954DBC61EE8ED860027DFE6 /* main.swift in Sources */ = {isa = PBXBuildFile; fileRef = 2954DBC51EE8ED860027DFE6 /* main.swift */; };
		2954DC041EE8FA950027DFE6 /* practiceing.swift in Sources */ = {isa = PBXBuildFile; fileRef = 2954DC031EE8FA950027DFE6 /* practiceing.swift */; };
		2954DC061EE8FB070027DFE6 /* array .swift in Sources */ = {isa = PBXBuildFile; fileRef = 2954DC051EE8FB070027DFE6 /* array .swift */; };
/* End PBXBuildFile section */

/* Begin PBXCopyFilesBuildPhase section */
		2954DBC01EE8ED860027DFE6 /* CopyFiles */ = {
			isa = PBXCopyFilesBuildPhase;
			buildActionMask = 2147483647;
			dstPath = /usr/share/man/man1/;
			dstSubfolderSpec = 0;
			files = (
			);
			runOnlyForDeploymentPostprocessing = 1;
		};
/* End PBXCopyFilesBuildPhase section */

/* Begin PBXFileReference section */
		2954DBC21EE8ED860027DFE6 /* Athena 04 */ = {isa = PBXFileReference; explicitFileType = "compiled.mach-o.executable"; includeInIndex = 0; path = "Athena 04"; sourceTree = BUILT_PRODUCTS_DIR; };
		2954DBC51EE8ED860027DFE6 /* main.swift */ = {isa = PBXFileReference; lastKnownFileType = sourcecode.swift; path = main.swift; sourceTree = "<group>"; };
		2954DC031EE8FA950027DFE6 /* practiceing.swift */ = {isa = PBXFileReference; fileEncoding = 4; lastKnownFileType = sourcecode.swift; path = practiceing.swift; sourceTree = SOURCE_ROOT; };
		2954DC051EE8FB070027DFE6 /* array .swift */ = {isa = PBXFileReference; fileEncoding = 4; lastKnownFileType = sourcecode.swift; path = "array .swift"; sourceTree = "<group>"; };
/* End PBXFileReference section */

/* Begin PBXFrameworksBuildPhase section */
		2954DBBF1EE8ED860027DFE6 /* Frameworks */ = {
			isa = PBXFrameworksBuildPhase;
			buildActionMask = 2147483647;
			files = (
			);
			runOnlyForDeploymentPostprocessing = 0;
		};
/* End PBXFrameworksBuildPhase section */

/* Begin PBXGroup section */
		2954DBB91EE8ED860027DFE6 = {
			isa = PBXGroup;
			children = (
				2954DBC41EE8ED860027DFE6 /* Athena 04 */,
				2954DBC31EE8ED860027DFE6 /* Products */,
			);
			sourceTree = "<group>";
		};
		2954DBC31EE8ED860027DFE6 /* Products */ = {
			isa = PBXGroup;
			children = (
				2954DBC21EE8ED860027DFE6 /* Athena 04 */,
			);
			name = Products;
			sourceTree = "<group>";
		};
		2954DBC41EE8ED860027DFE6 /* Athena 04 */ = {
			isa = PBXGroup;
			children = (
				2954DBC51EE8ED860027DFE6 /* main.swift */,
				2954DC031EE8FA950027DFE6 /* practiceing.swift */,
				2954DC051EE8FB070027DFE6 /* array .swift */,
			);
			path = "Athena 04";
			sourceTree = "<group>";
		};
/* End PBXGroup section */

/* Begin PBXNativeTarget section */
		2954DBC11EE8ED860027DFE6 /* Athena 04 */ = {
			isa = PBXNativeTarget;
			buildConfigurationList = 2954DBC91EE8ED860027DFE6 /* Build configuration list for PBXNativeTarget "Athena 04" */;
			buildPhases = (
				2954DBBE1EE8ED860027DFE6 /* Sources */,
				2954DBBF1EE8ED860027DFE6 /* Frameworks */,
				2954DBC01EE8ED860027DFE6 /* CopyFiles */,
			);
			buildRules = (
			);
			dependencies = (
			);
			name = "Athena 04";
			productName = "Athena 04";
			productReference = 2954DBC21EE8ED860027DFE6 /* Athena 04 */;
			productType = "com.apple.product-type.tool";
		};
/* End PBXNativeTarget section */

/* Begin PBXProject section */
		2954DBBA1EE8ED860027DFE6 /* Project object */ = {
			isa = PBXProject;
			attributes = {
				LastSwiftUpdateCheck = 0830;
				LastUpgradeCheck = 0830;
				ORGANIZATIONNAME = iii;
				TargetAttributes = {
					2954DBC11EE8ED860027DFE6 = {
						CreatedOnToolsVersion = 8.3.2;
						DevelopmentTeam = RMM7BCPG2R;
						ProvisioningStyle = Automatic;
					};
				};
			};
			buildConfigurationList = 2954DBBD1EE8ED860027DFE6 /* Build configuration list for PBXProject "Athena 04" */;
			compatibilityVersion = "Xcode 3.2";
			developmentRegion = English;
			hasScannedForEncodings = 0;
			knownRegions = (
				en,
			);
			mainGroup = 2954DBB91EE8ED860027DFE6;
			productRefGroup = 2954DBC31EE8ED860027DFE6 /* Products */;
			projectDirPath = "";
			projectRoot = "";
			targets = (
				2954DBC11EE8ED860027DFE6 /* Athena 04 */,
			);
		};
/* End PBXProject section */

/* Begin PBXSourcesBuildPhase section */
		2954DBBE1EE8ED860027DFE6 /* Sources */ = {
			isa = PBXSourcesBuildPhase;
			buildActionMask = 2147483647;
			files = (
				2954DBC61EE8ED860027DFE6 /* main.swift in Sources */,
				2954DC041EE8FA950027DFE6 /* practiceing.swift in Sources */,
				2954DC061EE8FB070027DFE6 /* array .swift in Sources */,
			);
			runOnlyForDeploymentPostprocessing = 0;
		};
/* End PBXSourcesBuildPhase section */

/* Begin XCBuildConfiguration section */
		2954DBC71EE8ED860027DFE6 /* Debug */ = {
			isa = XCBuildConfiguration;
			buildSettings = {
				ALWAYS_SEARCH_USER_PATHS = NO;
				CLANG_ANALYZER_NONNULL = YES;
				CLANG_ANALYZER_NUMBER_OBJECT_CONVERSION = YES_AGGRESSIVE;
				CLANG_CXX_LANGUAGE_STANDARD = "gnu++0x";
				CLANG_CXX_LIBRARY = "libc++";
				CLANG_ENABLE_MODULES = YES;
				CLANG_ENABLE_OBJC_ARC = YES;
				CLANG_WARN_BOOL_CONVERSION = YES;
				CLANG_WARN_CONSTANT_CONVERSION = YES;
				CLANG_WARN_DIRECT_OBJC_ISA_USAGE = YES_ERROR;
				CLANG_WARN_DOCUMENTATION_COMMENTS = YES;
				CLANG_WARN_EMPTY_BODY = YES;
				CLANG_WARN_ENUM_CONVERSION = YES;
				CLANG_WARN_INFINITE_RECURSION = YES;
				CLANG_WARN_INT_CONVERSION = YES;
				CLANG_WARN_OBJC_ROOT_CLASS = YES_ERROR;
				CLANG_WARN_SUSPICIOUS_MOVE = YES;
				CLANG_WARN_UNREACHABLE_CODE = YES;
				CLANG_WARN__DUPLICATE_METHOD_MATCH = YES;
				CODE_SIGN_IDENTITY = "-";
				COPY_PHASE_STRIP = NO;
				DEBUG_INFORMATION_FORMAT = dwarf;
				ENABLE_STRICT_OBJC_MSGSEND = YES;
				ENABLE_TESTABILITY = YES;
				GCC_C_LANGUAGE_STANDARD = gnu99;
				GCC_DYNAMIC_NO_PIC = NO;
				GCC_NO_COMMON_BLOCKS = YES;
				GCC_OPTIMIZATION_LEVEL = 0;
				GCC_PREPROCESSOR_DEFINITIONS = (
					"DEBUG=1",
					"$(inherited)",
				);
				GCC_WARN_64_TO_32_BIT_CONVERSION = YES;
				GCC_WARN_ABOUT_RETURN_TYPE = YES_ERROR;
				GCC_WARN_UNDECLARED_SELECTOR = YES;
				GCC_WARN_UNINITIALIZED_AUTOS = YES_AGGRESSIVE;
				GCC_WARN_UNUSED_FUNCTION = YES;
				GCC_WARN_UNUSED_VARIABLE = YES;
				MACOSX_DEPLOYMENT_TARGET = 10.12;
				MTL_ENABLE_DEBUG_INFO = YES;
				ONLY_ACTIVE_ARCH = YES;
				SDKROOT = macosx;
				SWIFT_OPTIMIZATION_LEVEL = "-Onone";
			};
			name = Debug;
		};
		2954DBC81EE8ED860027DFE6 /* Release */ = {
			isa = XCBuildConfiguration;
			buildSettings = {
				ALWAYS_SEARCH_USER_PATHS = NO;
				CLANG_ANALYZER_NONNULL = YES;
				CLANG_ANALYZER_NUMBER_OBJECT_CONVERSION = YES_AGGRESSIVE;
				CLANG_CXX_LANGUAGE_STANDARD = "gnu++0x";
				CLANG_CXX_LIBRARY = "libc++";
				CLANG_ENABLE_MODULES = YES;
				CLANG_ENABLE_OBJC_ARC = YES;
				CLANG_WARN_BOOL_CONVERSION = YES;
				CLANG_WARN_CONSTANT_CONVERSION = YES;
				CLANG_WARN_DIRECT_OBJC_ISA_USAGE = YES_ERROR;
				CLANG_WARN_DOCUMENTATION_COMMENTS = YES;
				CLANG_WARN_EMPTY_BODY = YES;
				CLANG_WARN_ENUM_CONVERSION = YES;
				CLANG_WARN_INFINITE_RECURSION = YES;
				CLANG_WARN_INT_CONVERSION = YES;
				CLANG_WARN_OBJC_ROOT_CLASS = YES_ERROR;
				CLANG_WARN_SUSPICIOUS_MOVE = YES;
				CLANG_WARN_UNREACHABLE_CODE = YES;
				CLANG_WARN__DUPLICATE_METHOD_MATCH = YES;
				CODE_SIGN_IDENTITY = "-";
				COPY_PHASE_STRIP = NO;
				DEBUG_INFORMATION_FORMAT = "dwarf-with-dsym";
				ENABLE_NS_ASSERTIONS = NO;
				ENABLE_STRICT_OBJC_MSGSEND = YES;
				GCC_C_LANGUAGE_STANDARD = gnu99;
				GCC_NO_COMMON_BLOCKS = YES;
				GCC_WARN_64_TO_32_BIT_CONVERSION = YES;
				GCC_WARN_ABOUT_RETURN_TYPE = YES_ERROR;
				GCC_WARN_UNDECLARED_SELECTOR = YES;
				GCC_WARN_UNINITIALIZED_AUTOS = YES_AGGRESSIVE;
				GCC_WARN_UNUSED_FUNCTION = YES;
				GCC_WARN_UNUSED_VARIABLE = YES;
				MACOSX_DEPLOYMENT_TARGET = 10.12;
				MTL_ENABLE_DEBUG_INFO = NO;
				SDKROOT = macosx;
			};
			name = Release;
		};
		2954DBCA1EE8ED860027DFE6 /* Debug */ = {
			isa = XCBuildConfiguration;
			buildSettings = {
				DEVELOPMENT_TEAM = RMM7BCPG2R;
				PRODUCT_NAME = "$(TARGET_NAME)";
				SWIFT_VERSION = 3.0;
			};
			name = Debug;
		};
		2954DBCB1EE8ED860027DFE6 /* Release */ = {
			isa = XCBuildConfiguration;
			buildSettings = {
				DEVELOPMENT_TEAM = RMM7BCPG2R;
				PRODUCT_NAME = "$(TARGET_NAME)";
				SWIFT_VERSION = 3.0;
			};
			name = Release;
		};
/* End XCBuildConfiguration section */

/* Begin XCConfigurationList section */
		2954DBBD1EE8ED860027DFE6 /* Build configuration list for PBXProject "Athena 04" */ = {
			isa = XCConfigurationList;
			buildConfigurations = (
				2954DBC71EE8ED860027DFE6 /* Debug */,
				2954DBC81EE8ED860027DFE6 /* Release */,
			);
			defaultConfigurationIsVisible = 0;
			defaultConfigurationName = Release;
		};
		2954DBC91EE8ED860027DFE6 /* Build configuration list for PBXNativeTarget "Athena 04" */ = {
			isa = XCConfigurationList;
			buildConfigurations = (
				2954DBCA1EE8ED860027DFE6 /* Debug */,
				2954DBCB1EE8ED860027DFE6 /* Release */,
			);
			defaultConfigurationIsVisible = 0;
		};
/* End XCConfigurationList section */
	};
	rootObject = 2954DBBA1EE8ED860027DFE6 /* Project object */;
}
