// !$*UTF8*$!
{
	archiveVersion = 1;
	classes = {
	};
	objectVersion = 46;
	objects = {

/* Begin PBXBuildFile section */
		291918AB1EE78EA6000D50D7 /* main.swift in Sources */ = {isa = PBXBuildFile; fileRef = 291918AA1EE78EA6000D50D7 /* main.swift */; };
		291918B21EE78ED4000D50D7 /* athena01.swift in Sources */ = {isa = PBXBuildFile; fileRef = 291918B11EE78ED4000D50D7 /* athena01.swift */; };
		291918B41EE810E1000D50D7 /* Athena 03.swift in Sources */ = {isa = PBXBuildFile; fileRef = 291918B31EE810E1000D50D7 /* Athena 03.swift */; };
/* End PBXBuildFile section */

/* Begin PBXCopyFilesBuildPhase section */
		291918A51EE78EA6000D50D7 /* CopyFiles */ = {
			isa = PBXCopyFilesBuildPhase;
			buildActionMask = 2147483647;
			dstPath = /usr/share/man/man1/;
			dstSubfolderSpec = 0;
			files = (
			);
			runOnlyForDeploymentPostprocessing = 1;
		};
/* End PBXCopyFilesBuildPhase section */

/* Begin PBXFileReference section */
		291918A71EE78EA6000D50D7 /* Athena02 */ = {isa = PBXFileReference; explicitFileType = "compiled.mach-o.executable"; includeInIndex = 0; path = Athena02; sourceTree = BUILT_PRODUCTS_DIR; };
		291918AA1EE78EA6000D50D7 /* main.swift */ = {isa = PBXFileReference; lastKnownFileType = sourcecode.swift; path = main.swift; sourceTree = "<group>"; };
		291918B11EE78ED4000D50D7 /* athena01.swift */ = {isa = PBXFileReference; fileEncoding = 4; lastKnownFileType = sourcecode.swift; name = athena01.swift; path = ../athena01.swift; sourceTree = "<group>"; };
		291918B31EE810E1000D50D7 /* Athena 03.swift */ = {isa = PBXFileReference; fileEncoding = 4; lastKnownFileType = sourcecode.swift; path = "Athena 03.swift"; sourceTree = "<group>"; };
/* End PBXFileReference section */

/* Begin PBXFrameworksBuildPhase section */
		291918A41EE78EA6000D50D7 /* Frameworks */ = {
			isa = PBXFrameworksBuildPhase;
			buildActionMask = 2147483647;
			files = (
			);
			runOnlyForDeploymentPostprocessing = 0;
		};
/* End PBXFrameworksBuildPhase section */

/* Begin PBXGroup section */
		2919189E1EE78EA6000D50D7 = {
			isa = PBXGroup;
			children = (
				291918A91EE78EA6000D50D7 /* Athena02 */,
				291918A81EE78EA6000D50D7 /* Products */,
			);
			sourceTree = "<group>";
		};
		291918A81EE78EA6000D50D7 /* Products */ = {
			isa = PBXGroup;
			children = (
				291918A71EE78EA6000D50D7 /* Athena02 */,
			);
			name = Products;
			sourceTree = "<group>";
		};
		291918A91EE78EA6000D50D7 /* Athena02 */ = {
			isa = PBXGroup;
			children = (
				291918AA1EE78EA6000D50D7 /* main.swift */,
				291918B31EE810E1000D50D7 /* Athena 03.swift */,
				291918B11EE78ED4000D50D7 /* athena01.swift */,
			);
			path = Athena02;
			sourceTree = "<group>";
		};
/* End PBXGroup section */

/* Begin PBXNativeTarget section */
		291918A61EE78EA6000D50D7 /* Athena02 */ = {
			isa = PBXNativeTarget;
			buildConfigurationList = 291918AE1EE78EA6000D50D7 /* Build configuration list for PBXNativeTarget "Athena02" */;
			buildPhases = (
				291918A31EE78EA6000D50D7 /* Sources */,
				291918A41EE78EA6000D50D7 /* Frameworks */,
				291918A51EE78EA6000D50D7 /* CopyFiles */,
			);
			buildRules = (
			);
			dependencies = (
			);
			name = Athena02;
			productName = Athena02;
			productReference = 291918A71EE78EA6000D50D7 /* Athena02 */;
			productType = "com.apple.product-type.tool";
		};
/* End PBXNativeTarget section */

/* Begin PBXProject section */
		2919189F1EE78EA6000D50D7 /* Project object */ = {
			isa = PBXProject;
			attributes = {
				LastSwiftUpdateCheck = 0830;
				LastUpgradeCheck = 0830;
				ORGANIZATIONNAME = iii;
				TargetAttributes = {
					291918A61EE78EA6000D50D7 = {
						CreatedOnToolsVersion = 8.3.2;
						DevelopmentTeam = RMM7BCPG2R;
						ProvisioningStyle = Automatic;
					};
				};
			};
			buildConfigurationList = 291918A21EE78EA6000D50D7 /* Build configuration list for PBXProject "Athena02" */;
			compatibilityVersion = "Xcode 3.2";
			developmentRegion = English;
			hasScannedForEncodings = 0;
			knownRegions = (
				en,
			);
			mainGroup = 2919189E1EE78EA6000D50D7;
			productRefGroup = 291918A81EE78EA6000D50D7 /* Products */;
			projectDirPath = "";
			projectRoot = "";
			targets = (
				291918A61EE78EA6000D50D7 /* Athena02 */,
			);
		};
/* End PBXProject section */

/* Begin PBXSourcesBuildPhase section */
		291918A31EE78EA6000D50D7 /* Sources */ = {
			isa = PBXSourcesBuildPhase;
			buildActionMask = 2147483647;
			files = (
				291918B41EE810E1000D50D7 /* Athena 03.swift in Sources */,
				291918AB1EE78EA6000D50D7 /* main.swift in Sources */,
				291918B21EE78ED4000D50D7 /* athena01.swift in Sources */,
			);
			runOnlyForDeploymentPostprocessing = 0;
		};
/* End PBXSourcesBuildPhase section */

/* Begin XCBuildConfiguration section */
		291918AC1EE78EA6000D50D7 /* Debug */ = {
			isa = XCBuildConfiguration;
			buildSettings = {
				ALWAYS_SEARCH_USER_PATHS = NO;
				CLANG_ANALYZER_NONNULL = YES;
				CLANG_ANALYZER_NUMBER_OBJECT_CONVERSION = YES_AGGRESSIVE;
				CLANG_CXX_LANGUAGE_STANDARD = "gnu++0x";
				CLANG_CXX_LIBRARY = "libc++";
				CLANG_ENABLE_MODULES = YES;
				CLANG_ENABLE_OBJC_ARC = YES;
				CLANG_WARN_BOOL_CONVERSION = YES;
				CLANG_WARN_CONSTANT_CONVERSION = YES;
				CLANG_WARN_DIRECT_OBJC_ISA_USAGE = YES_ERROR;
				CLANG_WARN_DOCUMENTATION_COMMENTS = YES;
				CLANG_WARN_EMPTY_BODY = YES;
				CLANG_WARN_ENUM_CONVERSION = YES;
				CLANG_WARN_INFINITE_RECURSION = YES;
				CLANG_WARN_INT_CONVERSION = YES;
				CLANG_WARN_OBJC_ROOT_CLASS = YES_ERROR;
				CLANG_WARN_SUSPICIOUS_MOVE = YES;
				CLANG_WARN_UNREACHABLE_CODE = YES;
				CLANG_WARN__DUPLICATE_METHOD_MATCH = YES;
				CODE_SIGN_IDENTITY = "-";
				COPY_PHASE_STRIP = NO;
				DEBUG_INFORMATION_FORMAT = dwarf;
				ENABLE_STRICT_OBJC_MSGSEND = YES;
				ENABLE_TESTABILITY = YES;
				GCC_C_LANGUAGE_STANDARD = gnu99;
				GCC_DYNAMIC_NO_PIC = NO;
				GCC_NO_COMMON_BLOCKS = YES;
				GCC_OPTIMIZATION_LEVEL = 0;
				GCC_PREPROCESSOR_DEFINITIONS = (
					"DEBUG=1",
					"$(inherited)",
				);
				GCC_WARN_64_TO_32_BIT_CONVERSION = YES;
				GCC_WARN_ABOUT_RETURN_TYPE = YES_ERROR;
				GCC_WARN_UNDECLARED_SELECTOR = YES;
				GCC_WARN_UNINITIALIZED_AUTOS = YES_AGGRESSIVE;
				GCC_WARN_UNUSED_FUNCTION = YES;
				GCC_WARN_UNUSED_VARIABLE = YES;
				MACOSX_DEPLOYMENT_TARGET = 10.12;
				MTL_ENABLE_DEBUG_INFO = YES;
				ONLY_ACTIVE_ARCH = YES;
				SDKROOT = macosx;
				SWIFT_OPTIMIZATION_LEVEL = "-Onone";
			};
			name = Debug;
		};
		291918AD1EE78EA6000D50D7 /* Release */ = {
			isa = XCBuildConfiguration;
			buildSettings = {
				ALWAYS_SEARCH_USER_PATHS = NO;
				CLANG_ANALYZER_NONNULL = YES;
				CLANG_ANALYZER_NUMBER_OBJECT_CONVERSION = YES_AGGRESSIVE;
				CLANG_CXX_LANGUAGE_STANDARD = "gnu++0x";
				CLANG_CXX_LIBRARY = "libc++";
				CLANG_ENABLE_MODULES = YES;
				CLANG_ENABLE_OBJC_ARC = YES;
				CLANG_WARN_BOOL_CONVERSION = YES;
				CLANG_WARN_CONSTANT_CONVERSION = YES;
				CLANG_WARN_DIRECT_OBJC_ISA_USAGE = YES_ERROR;
				CLANG_WARN_DOCUMENTATION_COMMENTS = YES;
				CLANG_WARN_EMPTY_BODY = YES;
				CLANG_WARN_ENUM_CONVERSION = YES;
				CLANG_WARN_INFINITE_RECURSION = YES;
				CLANG_WARN_INT_CONVERSION = YES;
				CLANG_WARN_OBJC_ROOT_CLASS = YES_ERROR;
				CLANG_WARN_SUSPICIOUS_MOVE = YES;
				CLANG_WARN_UNREACHABLE_CODE = YES;
				CLANG_WARN__DUPLICATE_METHOD_MATCH = YES;
				CODE_SIGN_IDENTITY = "-";
				COPY_PHASE_STRIP = NO;
				DEBUG_INFORMATION_FORMAT = "dwarf-with-dsym";
				ENABLE_NS_ASSERTIONS = NO;
				ENABLE_STRICT_OBJC_MSGSEND = YES;
				GCC_C_LANGUAGE_STANDARD = gnu99;
				GCC_NO_COMMON_BLOCKS = YES;
				GCC_WARN_64_TO_32_BIT_CONVERSION = YES;
				GCC_WARN_ABOUT_RETURN_TYPE = YES_ERROR;
				GCC_WARN_UNDECLARED_SELECTOR = YES;
				GCC_WARN_UNINITIALIZED_AUTOS = YES_AGGRESSIVE;
				GCC_WARN_UNUSED_FUNCTION = YES;
				GCC_WARN_UNUSED_VARIABLE = YES;
				MACOSX_DEPLOYMENT_TARGET = 10.12;
				MTL_ENABLE_DEBUG_INFO = NO;
				SDKROOT = macosx;
			};
			name = Release;
		};
		291918AF1EE78EA6000D50D7 /* Debug */ = {
			isa = XCBuildConfiguration;
			buildSettings = {
				DEVELOPMENT_TEAM = RMM7BCPG2R;
				PRODUCT_NAME = "$(TARGET_NAME)";
				SWIFT_VERSION = 3.0;
			};
			name = Debug;
		};
		291918B01EE78EA6000D50D7 /* Release */ = {
			isa = XCBuildConfiguration;
			buildSettings = {
				DEVELOPMENT_TEAM = RMM7BCPG2R;
				PRODUCT_NAME = "$(TARGET_NAME)";
				SWIFT_VERSION = 3.0;
			};
			name = Release;
		};
/* End XCBuildConfiguration section */

/* Begin XCConfigurationList section */
		291918A21EE78EA6000D50D7 /* Build configuration list for PBXProject "Athena02" */ = {
			isa = XCConfigurationList;
			buildConfigurations = (
				291918AC1EE78EA6000D50D7 /* Debug */,
				291918AD1EE78EA6000D50D7 /* Release */,
			);
			defaultConfigurationIsVisible = 0;
			defaultConfigurationName = Release;
		};
		291918AE1EE78EA6000D50D7 /* Build configuration list for PBXNativeTarget "Athena02" */ = {
			isa = XCConfigurationList;
			buildConfigurations = (
				291918AF1EE78EA6000D50D7 /* Debug */,
				291918B01EE78EA6000D50D7 /* Release */,
			);
			defaultConfigurationIsVisible = 0;
		};
/* End XCConfigurationList section */
	};
	rootObject = 2919189F1EE78EA6000D50D7 /* Project object */;
}
